
Microsoft Visual Studio Solution File, Format Version 12.00
# Visual Studio Version 17
VisualStudioVersion = 17.9.34701.34
MinimumVisualStudioVersion = 10.0.40219.1
Project("{9A19103F-16F7-4668-BE54-9A1E7A4F7556}") = "api-portal", "api-portal\api-portal.csproj", "{3319C501-C15B-47F8-A2F3-005F4AB800FF}"
EndProject
Global
	GlobalSection(SolutionConfigurationPlatforms) = preSolution
		Debug|Any CPU = Debug|Any CPU
		Release|Any CPU = Release|Any CPU
	EndGlobalSection
	GlobalSection(ProjectConfigurationPlatforms) = postSolution
		{3319C501-C15B-47F8-A2F3-005F4AB800FF}.Debug|Any CPU.ActiveCfg = Debug|Any CPU
		{3319C501-C15B-47F8-A2F3-005F4AB800FF}.Debug|Any CPU.Build.0 = Debug|Any CPU
		{3319C501-C15B-47F8-A2F3-005F4AB800FF}.Release|Any CPU.ActiveCfg = Release|Any CPU
		{3319C501-C15B-47F8-A2F3-005F4AB800FF}.Release|Any CPU.Build.0 = Release|Any CPU
	EndGlobalSection
	GlobalSection(SolutionProperties) = preSolution
		HideSolutionNode = FALSE
	EndGlobalSection
	GlobalSection(ExtensibilityGlobals) = postSolution
		SolutionGuid = {A964B721-65FC-485B-8F41-A35CA41F2D56}
	EndGlobalSection
EndGlobal
